// !$*UTF8*$!
{
	archiveVersion = 1;
	classes = {
	};
	objectVersion = 46;
	objects = {

/* Begin PBXBuildFile section */
		D20ECF131CA5BBF70096B9E9 /* MessageCell.swift in Sources */ = {isa = PBXBuildFile; fileRef = D20ECF121CA5BBF70096B9E9 /* MessageCell.swift */; };
		D24C51E41CEE0043006618A4 /* FirebaseAnalytics.framework in Frameworks */ = {isa = PBXBuildFile; fileRef = D24C51DF1CEE0043006618A4 /* FirebaseAnalytics.framework */; };
		D24C51E51CEE0043006618A4 /* FirebaseInstanceID.framework in Frameworks */ = {isa = PBXBuildFile; fileRef = D24C51E01CEE0043006618A4 /* FirebaseInstanceID.framework */; };
		D24C51E61CEE0043006618A4 /* GoogleInterchangeUtilities.framework in Frameworks */ = {isa = PBXBuildFile; fileRef = D24C51E11CEE0043006618A4 /* GoogleInterchangeUtilities.framework */; };
		D24C51E71CEE0044006618A4 /* GoogleSymbolUtilities.framework in Frameworks */ = {isa = PBXBuildFile; fileRef = D24C51E21CEE0043006618A4 /* GoogleSymbolUtilities.framework */; };
		D24C51E81CEE0044006618A4 /* GoogleUtilities.framework in Frameworks */ = {isa = PBXBuildFile; fileRef = D24C51E31CEE0043006618A4 /* GoogleUtilities.framework */; };
		D24C51EB1CEE006D006618A4 /* FirebaseAuth.framework in Frameworks */ = {isa = PBXBuildFile; fileRef = D24C51E91CEE006D006618A4 /* FirebaseAuth.framework */; };
		D24C51EC1CEE006D006618A4 /* GoogleNetworkingUtilities.framework in Frameworks */ = {isa = PBXBuildFile; fileRef = D24C51EA1CEE006D006618A4 /* GoogleNetworkingUtilities.framework */; };
		D24C51EE1CEE007F006618A4 /* FirebaseDatabase.framework in Frameworks */ = {isa = PBXBuildFile; fileRef = D24C51ED1CEE007F006618A4 /* FirebaseDatabase.framework */; };
		D24C51F21CEE0D42006618A4 /* GoogleService-Info.plist in Resources */ = {isa = PBXBuildFile; fileRef = D24C51F11CEE0D42006618A4 /* GoogleService-Info.plist */; };
		D26F7F861CBD8EDD00349872 /* ContextViewController.swift in Sources */ = {isa = PBXBuildFile; fileRef = D26F7F851CBD8EDD00349872 /* ContextViewController.swift */; };
		D26F7F891CBE781F00349872 /* ContactsViewController.swift in Sources */ = {isa = PBXBuildFile; fileRef = D26F7F881CBE781F00349872 /* ContactsViewController.swift */; };
		D26F7F8B1CBE7ACB00349872 /* TableViewFetchedResultsDisplayer.swift in Sources */ = {isa = PBXBuildFile; fileRef = D26F7F8A1CBE7ACB00349872 /* TableViewFetchedResultsDisplayer.swift */; };
		D26F7F8D1CBEC63400349872 /* ContactsSearchResultsController.swift in Sources */ = {isa = PBXBuildFile; fileRef = D26F7F8C1CBEC63400349872 /* ContactsSearchResultsController.swift */; };
		D26F7F8F1CBF05E800349872 /* ContactSelector.swift in Sources */ = {isa = PBXBuildFile; fileRef = D26F7F8E1CBF05E800349872 /* ContactSelector.swift */; };
		D26F7F911CBFE75E00349872 /* Syncer.swift in Sources */ = {isa = PBXBuildFile; fileRef = D26F7F901CBFE75E00349872 /* Syncer.swift */; };
		D26F7F931CC0228500349872 /* FavoriteCell.swift in Sources */ = {isa = PBXBuildFile; fileRef = D26F7F921CC0228500349872 /* FavoriteCell.swift */; };
		D26F7F951CC0242900349872 /* FavoritesViewController.swift in Sources */ = {isa = PBXBuildFile; fileRef = D26F7F941CC0242900349872 /* FavoritesViewController.swift */; };
		D28313001CCAD9340097391B /* Chat+Firebase.swift in Sources */ = {isa = PBXBuildFile; fileRef = D28312FF1CCAD9340097391B /* Chat+Firebase.swift */; };
		D28313021CCAD9AF0097391B /* Contact+Firebase.swift in Sources */ = {isa = PBXBuildFile; fileRef = D28313011CCAD9AF0097391B /* Contact+Firebase.swift */; };
		D28313041CCAD9F80097391B /* Message+Firebase.swift in Sources */ = {isa = PBXBuildFile; fileRef = D28313031CCAD9F80097391B /* Message+Firebase.swift */; };
		D28313061CCADA380097391B /* FirebaseModel.swift in Sources */ = {isa = PBXBuildFile; fileRef = D28313051CCADA380097391B /* FirebaseModel.swift */; };
		D2876EFA1CC1A0D00061551E /* SignUpViewController.swift in Sources */ = {isa = PBXBuildFile; fileRef = D2876EF91CC1A0D00061551E /* SignUpViewController.swift */; };
		D2876EFC1CC1A8740061551E /* RemoteStore.swift in Sources */ = {isa = PBXBuildFile; fileRef = D2876EFB1CC1A8740061551E /* RemoteStore.swift */; };
		D2876F001CC5840A0061551E /* libicucore.tbd in Frameworks */ = {isa = PBXBuildFile; fileRef = D2876EFF1CC5840A0061551E /* libicucore.tbd */; };
		D2876F021CC584180061551E /* libc++.tbd in Frameworks */ = {isa = PBXBuildFile; fileRef = D2876F011CC584180061551E /* libc++.tbd */; };
		D2876F041CC5841F0061551E /* CFNetwork.framework in Frameworks */ = {isa = PBXBuildFile; fileRef = D2876F031CC5841F0061551E /* CFNetwork.framework */; };
		D2876F061CC584290061551E /* Security.framework in Frameworks */ = {isa = PBXBuildFile; fileRef = D2876F051CC584290061551E /* Security.framework */; };
		D2876F081CC584310061551E /* SystemConfiguration.framework in Frameworks */ = {isa = PBXBuildFile; fileRef = D2876F071CC584310061551E /* SystemConfiguration.framework */; };
		D2876F0A1CC5848D0061551E /* FirebaseStore.swift in Sources */ = {isa = PBXBuildFile; fileRef = D2876F091CC5848D0061551E /* FirebaseStore.swift */; };
		D28FD8741CA1FE99009213EA /* AppDelegate.swift in Sources */ = {isa = PBXBuildFile; fileRef = D28FD8731CA1FE99009213EA /* AppDelegate.swift */; };
		D28FD8761CA1FE99009213EA /* ChatViewController.swift in Sources */ = {isa = PBXBuildFile; fileRef = D28FD8751CA1FE99009213EA /* ChatViewController.swift */; };
		D28FD8791CA1FE99009213EA /* Main.storyboard in Resources */ = {isa = PBXBuildFile; fileRef = D28FD8771CA1FE99009213EA /* Main.storyboard */; };
		D28FD87B1CA1FE99009213EA /* Assets.xcassets in Resources */ = {isa = PBXBuildFile; fileRef = D28FD87A1CA1FE99009213EA /* Assets.xcassets */; };
		D28FD87E1CA1FE99009213EA /* LaunchScreen.storyboard in Resources */ = {isa = PBXBuildFile; fileRef = D28FD87C1CA1FE99009213EA /* LaunchScreen.storyboard */; };
		D29103501CE620EF004B31A2 /* Compass.swift in Sources */ = {isa = PBXBuildFile; fileRef = D291034F1CE620EF004B31A2 /* Compass.swift */; };
		D29103531CE62121004B31A2 /* CompassViewController.swift in Sources */ = {isa = PBXBuildFile; fileRef = D29103521CE62121004B31A2 /* CompassViewController.swift */; };
		D29103551CE6212B004B31A2 /* PositionUpdatedDelegate.swift in Sources */ = {isa = PBXBuildFile; fileRef = D29103541CE6212B004B31A2 /* PositionUpdatedDelegate.swift */; };
		D29103571CE6214A004B31A2 /* UIView+Rotate.swift in Sources */ = {isa = PBXBuildFile; fileRef = D29103561CE6214A004B31A2 /* UIView+Rotate.swift */; };
		D29103591CE621A4004B31A2 /* Arrow.swift in Sources */ = {isa = PBXBuildFile; fileRef = D29103581CE621A4004B31A2 /* Arrow.swift */; };
		D2B377231CA7084C0062A321 /* UITableView+Scroll.swift in Sources */ = {isa = PBXBuildFile; fileRef = D2B377221CA7084C0062A321 /* UITableView+Scroll.swift */; };
		D2B377251CAB27400062A321 /* CDHelper.swift in Sources */ = {isa = PBXBuildFile; fileRef = D2B377241CAB27400062A321 /* CDHelper.swift */; };
		D2B377281CAB2AD60062A321 /* Model.xcdatamodeld in Sources */ = {isa = PBXBuildFile; fileRef = D2B377261CAB2AD60062A321 /* Model.xcdatamodeld */; };
		D2B377301CAB2CCE0062A321 /* Message.swift in Sources */ = {isa = PBXBuildFile; fileRef = D2B3772E1CAB2CCE0062A321 /* Message.swift */; };
		D2B377361CAC06C60062A321 /* Chat.swift in Sources */ = {isa = PBXBuildFile; fileRef = D2B377331CAC06C60062A321 /* Chat.swift */; };
		D2B377381CAC06FD0062A321 /* Message+CoreDataProperties.swift in Sources */ = {isa = PBXBuildFile; fileRef = D2B377371CAC06FD0062A321 /* Message+CoreDataProperties.swift */; };
		D2B3773A1CAC08610062A321 /* ChatCell.swift in Sources */ = {isa = PBXBuildFile; fileRef = D2B377391CAC08610062A321 /* ChatCell.swift */; };
		D2B3773C1CAD950B0062A321 /* AllChatsViewController.swift in Sources */ = {isa = PBXBuildFile; fileRef = D2B3773B1CAD950B0062A321 /* AllChatsViewController.swift */; };
		D2B3773E1CAEB18E0062A321 /* Chat+CoreDataProperties.swift in Sources */ = {isa = PBXBuildFile; fileRef = D2B3773D1CAEB18E0062A321 /* Chat+CoreDataProperties.swift */; };
		D2B377411CAEBE620062A321 /* Contact+CoreDataProperties.swift in Sources */ = {isa = PBXBuildFile; fileRef = D2B3773F1CAEBE620062A321 /* Contact+CoreDataProperties.swift */; };
		D2B377421CAEBE620062A321 /* Contact.swift in Sources */ = {isa = PBXBuildFile; fileRef = D2B377401CAEBE620062A321 /* Contact.swift */; };
		D2B377441CAF43200062A321 /* NewChatViewController.swift in Sources */ = {isa = PBXBuildFile; fileRef = D2B377431CAF43200062A321 /* NewChatViewController.swift */; };
		D2B377461CB31BC60062A321 /* TableViewFetchedResultsDelegate.swift in Sources */ = {isa = PBXBuildFile; fileRef = D2B377451CB31BC60062A321 /* TableViewFetchedResultsDelegate.swift */; };
		D2B377481CB321040062A321 /* UIViewController+FillWithView.swift in Sources */ = {isa = PBXBuildFile; fileRef = D2B377471CB321040062A321 /* UIViewController+FillWithView.swift */; };
		D2B3774A1CB3E5940062A321 /* ChatCreationDelegate.swift in Sources */ = {isa = PBXBuildFile; fileRef = D2B377491CB3E5930062A321 /* ChatCreationDelegate.swift */; };
		D2B377541CB6D6A50062A321 /* NewGroupViewController.swift in Sources */ = {isa = PBXBuildFile; fileRef = D2B377531CB6D6A50062A321 /* NewGroupViewController.swift */; };
		D2B377561CB7EBD80062A321 /* NewGroupParticipantsViewController.swift in Sources */ = {isa = PBXBuildFile; fileRef = D2B377551CB7EBD80062A321 /* NewGroupParticipantsViewController.swift */; };
		D2B3775A1CBC3A280062A321 /* ContactImporter.swift in Sources */ = {isa = PBXBuildFile; fileRef = D2B377591CBC3A280062A321 /* ContactImporter.swift */; };
		D2B3775D1CBC462E0062A321 /* PhoneNumber+CoreDataProperties.swift in Sources */ = {isa = PBXBuildFile; fileRef = D2B3775B1CBC462E0062A321 /* PhoneNumber+CoreDataProperties.swift */; };
		D2B3775E1CBC462E0062A321 /* PhoneNumber.swift in Sources */ = {isa = PBXBuildFile; fileRef = D2B3775C1CBC462E0062A321 /* PhoneNumber.swift */; };
/* End PBXBuildFile section */

/* Begin PBXFileReference section */
		D20ECF121CA5BBF70096B9E9 /* MessageCell.swift */ = {isa = PBXFileReference; fileEncoding = 4; lastKnownFileType = sourcecode.swift; path = MessageCell.swift; sourceTree = "<group>"; };
		D24C51DF1CEE0043006618A4 /* FirebaseAnalytics.framework */ = {isa = PBXFileReference; lastKnownFileType = wrapper.framework; path = FirebaseAnalytics.framework; sourceTree = "<group>"; };
		D24C51E01CEE0043006618A4 /* FirebaseInstanceID.framework */ = {isa = PBXFileReference; lastKnownFileType = wrapper.framework; path = FirebaseInstanceID.framework; sourceTree = "<group>"; };
		D24C51E11CEE0043006618A4 /* GoogleInterchangeUtilities.framework */ = {isa = PBXFileReference; lastKnownFileType = wrapper.framework; path = GoogleInterchangeUtilities.framework; sourceTree = "<group>"; };
		D24C51E21CEE0043006618A4 /* GoogleSymbolUtilities.framework */ = {isa = PBXFileReference; lastKnownFileType = wrapper.framework; path = GoogleSymbolUtilities.framework; sourceTree = "<group>"; };
		D24C51E31CEE0043006618A4 /* GoogleUtilities.framework */ = {isa = PBXFileReference; lastKnownFileType = wrapper.framework; path = GoogleUtilities.framework; sourceTree = "<group>"; };
		D24C51E91CEE006D006618A4 /* FirebaseAuth.framework */ = {isa = PBXFileReference; lastKnownFileType = wrapper.framework; path = FirebaseAuth.framework; sourceTree = "<group>"; };
		D24C51EA1CEE006D006618A4 /* GoogleNetworkingUtilities.framework */ = {isa = PBXFileReference; lastKnownFileType = wrapper.framework; path = GoogleNetworkingUtilities.framework; sourceTree = "<group>"; };
		D24C51ED1CEE007F006618A4 /* FirebaseDatabase.framework */ = {isa = PBXFileReference; lastKnownFileType = wrapper.framework; path = FirebaseDatabase.framework; sourceTree = "<group>"; };
		D24C51EF1CEE00FD006618A4 /* module.modulemap */ = {isa = PBXFileReference; lastKnownFileType = "sourcecode.module-map"; path = module.modulemap; sourceTree = "<group>"; };
		D24C51F01CEE01C7006618A4 /* Firebase.h */ = {isa = PBXFileReference; lastKnownFileType = sourcecode.c.h; path = Firebase.h; sourceTree = "<group>"; };
		D24C51F11CEE0D42006618A4 /* GoogleService-Info.plist */ = {isa = PBXFileReference; fileEncoding = 4; lastKnownFileType = text.plist.xml; path = "GoogleService-Info.plist"; sourceTree = "<group>"; };
		D26F7F851CBD8EDD00349872 /* ContextViewController.swift */ = {isa = PBXFileReference; fileEncoding = 4; lastKnownFileType = sourcecode.swift; path = ContextViewController.swift; sourceTree = "<group>"; };
		D26F7F881CBE781F00349872 /* ContactsViewController.swift */ = {isa = PBXFileReference; fileEncoding = 4; lastKnownFileType = sourcecode.swift; path = ContactsViewController.swift; sourceTree = "<group>"; };
		D26F7F8A1CBE7ACB00349872 /* TableViewFetchedResultsDisplayer.swift */ = {isa = PBXFileReference; fileEncoding = 4; lastKnownFileType = sourcecode.swift; path = TableViewFetchedResultsDisplayer.swift; sourceTree = "<group>"; };
		D26F7F8C1CBEC63400349872 /* ContactsSearchResultsController.swift */ = {isa = PBXFileReference; fileEncoding = 4; lastKnownFileType = sourcecode.swift; path = ContactsSearchResultsController.swift; sourceTree = "<group>"; };
		D26F7F8E1CBF05E800349872 /* ContactSelector.swift */ = {isa = PBXFileReference; fileEncoding = 4; lastKnownFileType = sourcecode.swift; path = ContactSelector.swift; sourceTree = "<group>"; };
		D26F7F901CBFE75E00349872 /* Syncer.swift */ = {isa = PBXFileReference; fileEncoding = 4; lastKnownFileType = sourcecode.swift; path = Syncer.swift; sourceTree = "<group>"; };
		D26F7F921CC0228500349872 /* FavoriteCell.swift */ = {isa = PBXFileReference; fileEncoding = 4; lastKnownFileType = sourcecode.swift; path = FavoriteCell.swift; sourceTree = "<group>"; };
		D26F7F941CC0242900349872 /* FavoritesViewController.swift */ = {isa = PBXFileReference; fileEncoding = 4; lastKnownFileType = sourcecode.swift; path = FavoritesViewController.swift; sourceTree = "<group>"; };
		D28312FF1CCAD9340097391B /* Chat+Firebase.swift */ = {isa = PBXFileReference; fileEncoding = 4; lastKnownFileType = sourcecode.swift; path = "Chat+Firebase.swift"; sourceTree = "<group>"; };
		D28313011CCAD9AF0097391B /* Contact+Firebase.swift */ = {isa = PBXFileReference; fileEncoding = 4; lastKnownFileType = sourcecode.swift; path = "Contact+Firebase.swift"; sourceTree = "<group>"; };
		D28313031CCAD9F80097391B /* Message+Firebase.swift */ = {isa = PBXFileReference; fileEncoding = 4; lastKnownFileType = sourcecode.swift; path = "Message+Firebase.swift"; sourceTree = "<group>"; };
		D28313051CCADA380097391B /* FirebaseModel.swift */ = {isa = PBXFileReference; fileEncoding = 4; lastKnownFileType = sourcecode.swift; path = FirebaseModel.swift; sourceTree = "<group>"; };
		D2876EF91CC1A0D00061551E /* SignUpViewController.swift */ = {isa = PBXFileReference; fileEncoding = 4; lastKnownFileType = sourcecode.swift; path = SignUpViewController.swift; sourceTree = "<group>"; };
		D2876EFB1CC1A8740061551E /* RemoteStore.swift */ = {isa = PBXFileReference; fileEncoding = 4; lastKnownFileType = sourcecode.swift; path = RemoteStore.swift; sourceTree = "<group>"; };
		D2876EFF1CC5840A0061551E /* libicucore.tbd */ = {isa = PBXFileReference; lastKnownFileType = "sourcecode.text-based-dylib-definition"; name = libicucore.tbd; path = usr/lib/libicucore.tbd; sourceTree = SDKROOT; };
		D2876F011CC584180061551E /* libc++.tbd */ = {isa = PBXFileReference; lastKnownFileType = "sourcecode.text-based-dylib-definition"; name = "libc++.tbd"; path = "usr/lib/libc++.tbd"; sourceTree = SDKROOT; };
		D2876F031CC5841F0061551E /* CFNetwork.framework */ = {isa = PBXFileReference; lastKnownFileType = wrapper.framework; name = CFNetwork.framework; path = System/Library/Frameworks/CFNetwork.framework; sourceTree = SDKROOT; };
		D2876F051CC584290061551E /* Security.framework */ = {isa = PBXFileReference; lastKnownFileType = wrapper.framework; name = Security.framework; path = System/Library/Frameworks/Security.framework; sourceTree = SDKROOT; };
		D2876F071CC584310061551E /* SystemConfiguration.framework */ = {isa = PBXFileReference; lastKnownFileType = wrapper.framework; name = SystemConfiguration.framework; path = System/Library/Frameworks/SystemConfiguration.framework; sourceTree = SDKROOT; };
		D2876F091CC5848D0061551E /* FirebaseStore.swift */ = {isa = PBXFileReference; fileEncoding = 4; lastKnownFileType = sourcecode.swift; path = FirebaseStore.swift; sourceTree = "<group>"; };
		D28FD8701CA1FE99009213EA /* TetherMe.app */ = {isa = PBXFileReference; explicitFileType = wrapper.application; includeInIndex = 0; path = TetherMe.app; sourceTree = BUILT_PRODUCTS_DIR; };
		D28FD8731CA1FE99009213EA /* AppDelegate.swift */ = {isa = PBXFileReference; lastKnownFileType = sourcecode.swift; path = AppDelegate.swift; sourceTree = "<group>"; };
		D28FD8751CA1FE99009213EA /* ChatViewController.swift */ = {isa = PBXFileReference; lastKnownFileType = sourcecode.swift; path = ChatViewController.swift; sourceTree = "<group>"; };
		D28FD8781CA1FE99009213EA /* Base */ = {isa = PBXFileReference; lastKnownFileType = file.storyboard; name = Base; path = Base.lproj/Main.storyboard; sourceTree = "<group>"; };
		D28FD87A1CA1FE99009213EA /* Assets.xcassets */ = {isa = PBXFileReference; lastKnownFileType = folder.assetcatalog; path = Assets.xcassets; sourceTree = "<group>"; };
		D28FD87D1CA1FE99009213EA /* Base */ = {isa = PBXFileReference; lastKnownFileType = file.storyboard; name = Base; path = Base.lproj/LaunchScreen.storyboard; sourceTree = "<group>"; };
		D28FD87F1CA1FE99009213EA /* Info.plist */ = {isa = PBXFileReference; lastKnownFileType = text.plist.xml; path = Info.plist; sourceTree = "<group>"; };
		D291034F1CE620EF004B31A2 /* Compass.swift */ = {isa = PBXFileReference; fileEncoding = 4; lastKnownFileType = sourcecode.swift; name = Compass.swift; path = ../Compass.swift; sourceTree = "<group>"; };
		D29103521CE62121004B31A2 /* CompassViewController.swift */ = {isa = PBXFileReference; fileEncoding = 4; lastKnownFileType = sourcecode.swift; path = CompassViewController.swift; sourceTree = "<group>"; };
		D29103541CE6212B004B31A2 /* PositionUpdatedDelegate.swift */ = {isa = PBXFileReference; fileEncoding = 4; lastKnownFileType = sourcecode.swift; path = PositionUpdatedDelegate.swift; sourceTree = "<group>"; };
		D29103561CE6214A004B31A2 /* UIView+Rotate.swift */ = {isa = PBXFileReference; fileEncoding = 4; lastKnownFileType = sourcecode.swift; path = "UIView+Rotate.swift"; sourceTree = "<group>"; };
		D29103581CE621A4004B31A2 /* Arrow.swift */ = {isa = PBXFileReference; fileEncoding = 4; lastKnownFileType = sourcecode.swift; path = Arrow.swift; sourceTree = "<group>"; };
		D2B377221CA7084C0062A321 /* UITableView+Scroll.swift */ = {isa = PBXFileReference; fileEncoding = 4; lastKnownFileType = sourcecode.swift; name = "UITableView+Scroll.swift"; path = "../UITableView+Scroll.swift"; sourceTree = "<group>"; };
		D2B377241CAB27400062A321 /* CDHelper.swift */ = {isa = PBXFileReference; fileEncoding = 4; lastKnownFileType = sourcecode.swift; path = CDHelper.swift; sourceTree = "<group>"; };
		D2B377271CAB2AD60062A321 /* Model.xcdatamodel */ = {isa = PBXFileReference; lastKnownFileType = wrapper.xcdatamodel; path = Model.xcdatamodel; sourceTree = "<group>"; };
		D2B3772E1CAB2CCE0062A321 /* Message.swift */ = {isa = PBXFileReference; fileEncoding = 4; lastKnownFileType = sourcecode.swift; path = Message.swift; sourceTree = "<group>"; };
		D2B377331CAC06C60062A321 /* Chat.swift */ = {isa = PBXFileReference; fileEncoding = 4; lastKnownFileType = sourcecode.swift; path = Chat.swift; sourceTree = "<group>"; };
		D2B377371CAC06FD0062A321 /* Message+CoreDataProperties.swift */ = {isa = PBXFileReference; fileEncoding = 4; lastKnownFileType = sourcecode.swift; path = "Message+CoreDataProperties.swift"; sourceTree = "<group>"; };
		D2B377391CAC08610062A321 /* ChatCell.swift */ = {isa = PBXFileReference; fileEncoding = 4; lastKnownFileType = sourcecode.swift; path = ChatCell.swift; sourceTree = "<group>"; };
		D2B3773B1CAD950B0062A321 /* AllChatsViewController.swift */ = {isa = PBXFileReference; fileEncoding = 4; lastKnownFileType = sourcecode.swift; path = AllChatsViewController.swift; sourceTree = "<group>"; };
		D2B3773D1CAEB18E0062A321 /* Chat+CoreDataProperties.swift */ = {isa = PBXFileReference; fileEncoding = 4; lastKnownFileType = sourcecode.swift; path = "Chat+CoreDataProperties.swift"; sourceTree = "<group>"; };
		D2B3773F1CAEBE620062A321 /* Contact+CoreDataProperties.swift */ = {isa = PBXFileReference; fileEncoding = 4; lastKnownFileType = sourcecode.swift; path = "Contact+CoreDataProperties.swift"; sourceTree = "<group>"; };
		D2B377401CAEBE620062A321 /* Contact.swift */ = {isa = PBXFileReference; fileEncoding = 4; lastKnownFileType = sourcecode.swift; path = Contact.swift; sourceTree = "<group>"; };
		D2B377431CAF43200062A321 /* NewChatViewController.swift */ = {isa = PBXFileReference; fileEncoding = 4; lastKnownFileType = sourcecode.swift; path = NewChatViewController.swift; sourceTree = "<group>"; };
		D2B377451CB31BC60062A321 /* TableViewFetchedResultsDelegate.swift */ = {isa = PBXFileReference; fileEncoding = 4; lastKnownFileType = sourcecode.swift; path = TableViewFetchedResultsDelegate.swift; sourceTree = "<group>"; };
		D2B377471CB321040062A321 /* UIViewController+FillWithView.swift */ = {isa = PBXFileReference; fileEncoding = 4; lastKnownFileType = sourcecode.swift; path = "UIViewController+FillWithView.swift"; sourceTree = "<group>"; };
		D2B377491CB3E5930062A321 /* ChatCreationDelegate.swift */ = {isa = PBXFileReference; fileEncoding = 4; lastKnownFileType = sourcecode.swift; path = ChatCreationDelegate.swift; sourceTree = "<group>"; };
		D2B377531CB6D6A50062A321 /* NewGroupViewController.swift */ = {isa = PBXFileReference; fileEncoding = 4; lastKnownFileType = sourcecode.swift; path = NewGroupViewController.swift; sourceTree = "<group>"; };
		D2B377551CB7EBD80062A321 /* NewGroupParticipantsViewController.swift */ = {isa = PBXFileReference; fileEncoding = 4; lastKnownFileType = sourcecode.swift; path = NewGroupParticipantsViewController.swift; sourceTree = "<group>"; };
		D2B377591CBC3A280062A321 /* ContactImporter.swift */ = {isa = PBXFileReference; fileEncoding = 4; lastKnownFileType = sourcecode.swift; path = ContactImporter.swift; sourceTree = "<group>"; };
		D2B3775B1CBC462E0062A321 /* PhoneNumber+CoreDataProperties.swift */ = {isa = PBXFileReference; fileEncoding = 4; lastKnownFileType = sourcecode.swift; path = "PhoneNumber+CoreDataProperties.swift"; sourceTree = "<group>"; };
		D2B3775C1CBC462E0062A321 /* PhoneNumber.swift */ = {isa = PBXFileReference; fileEncoding = 4; lastKnownFileType = sourcecode.swift; path = PhoneNumber.swift; sourceTree = "<group>"; };
/* End PBXFileReference section */

/* Begin PBXFrameworksBuildPhase section */
		D28FD86D1CA1FE99009213EA /* Frameworks */ = {
			isa = PBXFrameworksBuildPhase;
			buildActionMask = 2147483647;
			files = (
				D24C51E71CEE0044006618A4 /* GoogleSymbolUtilities.framework in Frameworks */,
				D24C51EE1CEE007F006618A4 /* FirebaseDatabase.framework in Frameworks */,
				D2876F081CC584310061551E /* SystemConfiguration.framework in Frameworks */,
				D24C51E61CEE0043006618A4 /* GoogleInterchangeUtilities.framework in Frameworks */,
				D2876F061CC584290061551E /* Security.framework in Frameworks */,
				D24C51EC1CEE006D006618A4 /* GoogleNetworkingUtilities.framework in Frameworks */,
				D24C51E41CEE0043006618A4 /* FirebaseAnalytics.framework in Frameworks */,
				D2876F041CC5841F0061551E /* CFNetwork.framework in Frameworks */,
				D24C51EB1CEE006D006618A4 /* FirebaseAuth.framework in Frameworks */,
				D24C51E51CEE0043006618A4 /* FirebaseInstanceID.framework in Frameworks */,
				D2876F021CC584180061551E /* libc++.tbd in Frameworks */,
				D24C51E81CEE0044006618A4 /* GoogleUtilities.framework in Frameworks */,
				D2876F001CC5840A0061551E /* libicucore.tbd in Frameworks */,
			);
			runOnlyForDeploymentPostprocessing = 0;
		};
/* End PBXFrameworksBuildPhase section */

/* Begin PBXGroup section */
		D26F7F831CBD8E8700349872 /* NewGroupVC */ = {
			isa = PBXGroup;
			children = (
				D2B377531CB6D6A50062A321 /* NewGroupViewController.swift */,
			);
			name = NewGroupVC;
			sourceTree = "<group>";
		};
		D26F7F841CBD8E9400349872 /* NewGroupParticipantsVC */ = {
			isa = PBXGroup;
			children = (
				D2B377551CB7EBD80062A321 /* NewGroupParticipantsViewController.swift */,
			);
			name = NewGroupParticipantsVC;
			sourceTree = "<group>";
		};
		D26F7F871CBDA7BB00349872 /* ContactsVC */ = {
			isa = PBXGroup;
			children = (
				D26F7F881CBE781F00349872 /* ContactsViewController.swift */,
				D26F7F8C1CBEC63400349872 /* ContactsSearchResultsController.swift */,
			);
			name = ContactsVC;
			sourceTree = "<group>";
		};
		D26F7F961CC128A700349872 /* FavoritesVC */ = {
			isa = PBXGroup;
			children = (
				D26F7F941CC0242900349872 /* FavoritesViewController.swift */,
				D26F7F921CC0228500349872 /* FavoriteCell.swift */,
			);
			name = FavoritesVC;
			sourceTree = "<group>";
		};
		D26F7F971CC128C300349872 /* Data */ = {
			isa = PBXGroup;
			children = (
				D2876F091CC5848D0061551E /* FirebaseStore.swift */,
				D28313031CCAD9F80097391B /* Message+Firebase.swift */,
				D28313051CCADA380097391B /* FirebaseModel.swift */,
				D28312FF1CCAD9340097391B /* Chat+Firebase.swift */,
				D28313011CCAD9AF0097391B /* Contact+Firebase.swift */,
				D26F7F901CBFE75E00349872 /* Syncer.swift */,
			);
			name = Data;
			sourceTree = "<group>";
		};
		D28313071CCADA7D0097391B /* SignUpVC */ = {
			isa = PBXGroup;
			children = (
				D2876EF91CC1A0D00061551E /* SignUpViewController.swift */,
			);
			name = SignUpVC;
			sourceTree = "<group>";
		};
		D28FD8671CA1FE98009213EA = {
			isa = PBXGroup;
			children = (
				D2B3775B1CBC462E0062A321 /* PhoneNumber+CoreDataProperties.swift */,
				D2B3775C1CBC462E0062A321 /* PhoneNumber.swift */,
				D2B3773F1CAEBE620062A321 /* Contact+CoreDataProperties.swift */,
				D2B377401CAEBE620062A321 /* Contact.swift */,
				D2B3773D1CAEB18E0062A321 /* Chat+CoreDataProperties.swift */,
				D2B377331CAC06C60062A321 /* Chat.swift */,
				D2B377371CAC06FD0062A321 /* Message+CoreDataProperties.swift */,
				D2B3772E1CAB2CCE0062A321 /* Message.swift */,
				D28FD8721CA1FE99009213EA /* TetherUSv1.0 */,
				D28FD8711CA1FE99009213EA /* Products */,
			);
			sourceTree = "<group>";
		};
		D28FD8711CA1FE99009213EA /* Products */ = {
			isa = PBXGroup;
			children = (
				D28FD8701CA1FE99009213EA /* TetherMe.app */,
			);
			name = Products;
			sourceTree = "<group>";
		};
		D28FD8721CA1FE99009213EA /* TetherUSv1.0 */ = {
			isa = PBXGroup;
			children = (
				D24C51F11CEE0D42006618A4 /* GoogleService-Info.plist */,
				D28FD8731CA1FE99009213EA /* AppDelegate.swift */,
				D2B377511CB6C9000062A321 /* Frameworks */,
				D29103511CE6210C004B31A2 /* CompassVC */,
				D26F7F961CC128A700349872 /* FavoritesVC */,
				D28313071CCADA7D0097391B /* SignUpVC */,
				D26F7F831CBD8E8700349872 /* NewGroupVC */,
				D26F7F841CBD8E9400349872 /* NewGroupParticipantsVC */,
				D26F7F871CBDA7BB00349872 /* ContactsVC */,
				D2B3774C1CB6C8BF0062A321 /* AllChatsVC */,
				D2B3774E1CB6C8E30062A321 /* Protocols */,
				D2B3774D1CB6C8D30062A321 /* NewChatVC */,
				D2B3774F1CB6C8F10062A321 /* ChatVC */,
				D26F7F971CC128C300349872 /* Data */,
				D2B377501CB6C8FA0062A321 /* Helpers */,
				D2B377521CB6C9840062A321 /* Supporting Files */,
			);
			name = TetherUSv1.0;
			path = WhaleTale;
			sourceTree = "<group>";
		};
		D29103511CE6210C004B31A2 /* CompassVC */ = {
			isa = PBXGroup;
			children = (
				D29103581CE621A4004B31A2 /* Arrow.swift */,
				D29103521CE62121004B31A2 /* CompassViewController.swift */,
				D291034F1CE620EF004B31A2 /* Compass.swift */,
			);
			name = CompassVC;
			sourceTree = "<group>";
		};
		D2B3774C1CB6C8BF0062A321 /* AllChatsVC */ = {
			isa = PBXGroup;
			children = (
				D2B3773B1CAD950B0062A321 /* AllChatsViewController.swift */,
				D2B377391CAC08610062A321 /* ChatCell.swift */,
			);
			name = AllChatsVC;
			sourceTree = "<group>";
		};
		D2B3774D1CB6C8D30062A321 /* NewChatVC */ = {
			isa = PBXGroup;
			children = (
				D2B377431CAF43200062A321 /* NewChatViewController.swift */,
			);
			name = NewChatVC;
			sourceTree = "<group>";
		};
		D2B3774E1CB6C8E30062A321 /* Protocols */ = {
			isa = PBXGroup;
			children = (
				D29103541CE6212B004B31A2 /* PositionUpdatedDelegate.swift */,
				D2876EFB1CC1A8740061551E /* RemoteStore.swift */,
				D2B377451CB31BC60062A321 /* TableViewFetchedResultsDelegate.swift */,
				D26F7F8A1CBE7ACB00349872 /* TableViewFetchedResultsDisplayer.swift */,
				D26F7F8E1CBF05E800349872 /* ContactSelector.swift */,
				D26F7F851CBD8EDD00349872 /* ContextViewController.swift */,
				D2B377491CB3E5930062A321 /* ChatCreationDelegate.swift */,
			);
			name = Protocols;
			sourceTree = "<group>";
		};
		D2B3774F1CB6C8F10062A321 /* ChatVC */ = {
			isa = PBXGroup;
			children = (
				D28FD8751CA1FE99009213EA /* ChatViewController.swift */,
				D20ECF121CA5BBF70096B9E9 /* MessageCell.swift */,
			);
			name = ChatVC;
			sourceTree = "<group>";
		};
		D2B377501CB6C8FA0062A321 /* Helpers */ = {
			isa = PBXGroup;
			children = (
				D2B377591CBC3A280062A321 /* ContactImporter.swift */,
				D2B377221CA7084C0062A321 /* UITableView+Scroll.swift */,
				D2B377241CAB27400062A321 /* CDHelper.swift */,
				D29103561CE6214A004B31A2 /* UIView+Rotate.swift */,
				D2B377471CB321040062A321 /* UIViewController+FillWithView.swift */,
			);
			name = Helpers;
			sourceTree = "<group>";
		};
		D2B377511CB6C9000062A321 /* Frameworks */ = {
			isa = PBXGroup;
			children = (
				D24C51F01CEE01C7006618A4 /* Firebase.h */,
				D24C51EF1CEE00FD006618A4 /* module.modulemap */,
				D24C51ED1CEE007F006618A4 /* FirebaseDatabase.framework */,
				D24C51E91CEE006D006618A4 /* FirebaseAuth.framework */,
				D24C51EA1CEE006D006618A4 /* GoogleNetworkingUtilities.framework */,
				D24C51DF1CEE0043006618A4 /* FirebaseAnalytics.framework */,
				D24C51E01CEE0043006618A4 /* FirebaseInstanceID.framework */,
				D24C51E11CEE0043006618A4 /* GoogleInterchangeUtilities.framework */,
				D24C51E21CEE0043006618A4 /* GoogleSymbolUtilities.framework */,
				D24C51E31CEE0043006618A4 /* GoogleUtilities.framework */,
				D2876F011CC584180061551E /* libc++.tbd */,
				D2876EFF1CC5840A0061551E /* libicucore.tbd */,
				D2876F071CC584310061551E /* SystemConfiguration.framework */,
				D2876F051CC584290061551E /* Security.framework */,
				D2876F031CC5841F0061551E /* CFNetwork.framework */,
			);
			name = Frameworks;
			sourceTree = "<group>";
		};
		D2B377521CB6C9840062A321 /* Supporting Files */ = {
			isa = PBXGroup;
			children = (
				D2B377261CAB2AD60062A321 /* Model.xcdatamodeld */,
				D28FD8771CA1FE99009213EA /* Main.storyboard */,
				D28FD87A1CA1FE99009213EA /* Assets.xcassets */,
				D28FD87C1CA1FE99009213EA /* LaunchScreen.storyboard */,
				D28FD87F1CA1FE99009213EA /* Info.plist */,
			);
			name = "Supporting Files";
			sourceTree = "<group>";
		};
/* End PBXGroup section */

/* Begin PBXNativeTarget section */
		D28FD86F1CA1FE99009213EA /* TetherMe */ = {
			isa = PBXNativeTarget;
			buildConfigurationList = D28FD8821CA1FE99009213EA /* Build configuration list for PBXNativeTarget "TetherMe" */;
			buildPhases = (
				D28FD86C1CA1FE99009213EA /* Sources */,
				D28FD86D1CA1FE99009213EA /* Frameworks */,
				D28FD86E1CA1FE99009213EA /* Resources */,
			);
			buildRules = (
			);
			dependencies = (
			);
			name = TetherMe;
			productName = WhaleTale;
			productReference = D28FD8701CA1FE99009213EA /* TetherMe.app */;
			productType = "com.apple.product-type.application";
		};
/* End PBXNativeTarget section */

/* Begin PBXProject section */
		D28FD8681CA1FE98009213EA /* Project object */ = {
			isa = PBXProject;
			attributes = {
				LastSwiftUpdateCheck = 0720;
				LastUpgradeCheck = 0720;
				ORGANIZATIONNAME = "Scott Kornblatt";
				TargetAttributes = {
					D28FD86F1CA1FE99009213EA = {
						CreatedOnToolsVersion = 7.2;
					};
				};
			};
			buildConfigurationList = D28FD86B1CA1FE98009213EA /* Build configuration list for PBXProject "TetherMe" */;
			compatibilityVersion = "Xcode 3.2";
			developmentRegion = English;
			hasScannedForEncodings = 0;
			knownRegions = (
				en,
				Base,
			);
			mainGroup = D28FD8671CA1FE98009213EA;
			productRefGroup = D28FD8711CA1FE99009213EA /* Products */;
			projectDirPath = "";
			projectRoot = "";
			targets = (
				D28FD86F1CA1FE99009213EA /* TetherMe */,
			);
		};
/* End PBXProject section */

/* Begin PBXResourcesBuildPhase section */
		D28FD86E1CA1FE99009213EA /* Resources */ = {
			isa = PBXResourcesBuildPhase;
			buildActionMask = 2147483647;
			files = (
				D28FD87E1CA1FE99009213EA /* LaunchScreen.storyboard in Resources */,
				D24C51F21CEE0D42006618A4 /* GoogleService-Info.plist in Resources */,
				D28FD87B1CA1FE99009213EA /* Assets.xcassets in Resources */,
				D28FD8791CA1FE99009213EA /* Main.storyboard in Resources */,
			);
			runOnlyForDeploymentPostprocessing = 0;
		};
/* End PBXResourcesBuildPhase section */

/* Begin PBXSourcesBuildPhase section */
		D28FD86C1CA1FE99009213EA /* Sources */ = {
			isa = PBXSourcesBuildPhase;
			buildActionMask = 2147483647;
			files = (
				D2B377231CA7084C0062A321 /* UITableView+Scroll.swift in Sources */,
				D2B3775A1CBC3A280062A321 /* ContactImporter.swift in Sources */,
				D28313041CCAD9F80097391B /* Message+Firebase.swift in Sources */,
				D26F7F8B1CBE7ACB00349872 /* TableViewFetchedResultsDisplayer.swift in Sources */,
				D29103551CE6212B004B31A2 /* PositionUpdatedDelegate.swift in Sources */,
				D2876EFC1CC1A8740061551E /* RemoteStore.swift in Sources */,
				D26F7F861CBD8EDD00349872 /* ContextViewController.swift in Sources */,
				D29103571CE6214A004B31A2 /* UIView+Rotate.swift in Sources */,
				D28313021CCAD9AF0097391B /* Contact+Firebase.swift in Sources */,
				D2B377251CAB27400062A321 /* CDHelper.swift in Sources */,
				D28313001CCAD9340097391B /* Chat+Firebase.swift in Sources */,
				D2B3773A1CAC08610062A321 /* ChatCell.swift in Sources */,
				D2B377461CB31BC60062A321 /* TableViewFetchedResultsDelegate.swift in Sources */,
				D29103501CE620EF004B31A2 /* Compass.swift in Sources */,
				D2B3773E1CAEB18E0062A321 /* Chat+CoreDataProperties.swift in Sources */,
				D28313061CCADA380097391B /* FirebaseModel.swift in Sources */,
				D2B377441CAF43200062A321 /* NewChatViewController.swift in Sources */,
				D2B377281CAB2AD60062A321 /* Model.xcdatamodeld in Sources */,
				D2876EFA1CC1A0D00061551E /* SignUpViewController.swift in Sources */,
				D2B377561CB7EBD80062A321 /* NewGroupParticipantsViewController.swift in Sources */,
				D2B3775D1CBC462E0062A321 /* PhoneNumber+CoreDataProperties.swift in Sources */,
				D2876F0A1CC5848D0061551E /* FirebaseStore.swift in Sources */,
				D20ECF131CA5BBF70096B9E9 /* MessageCell.swift in Sources */,
				D2B377421CAEBE620062A321 /* Contact.swift in Sources */,
				D26F7F911CBFE75E00349872 /* Syncer.swift in Sources */,
				D2B377481CB321040062A321 /* UIViewController+FillWithView.swift in Sources */,
				D2B377361CAC06C60062A321 /* Chat.swift in Sources */,
				D26F7F951CC0242900349872 /* FavoritesViewController.swift in Sources */,
				D2B3775E1CBC462E0062A321 /* PhoneNumber.swift in Sources */,
				D2B377411CAEBE620062A321 /* Contact+CoreDataProperties.swift in Sources */,
				D2B3773C1CAD950B0062A321 /* AllChatsViewController.swift in Sources */,
				D2B377541CB6D6A50062A321 /* NewGroupViewController.swift in Sources */,
				D2B377301CAB2CCE0062A321 /* Message.swift in Sources */,
				D26F7F8F1CBF05E800349872 /* ContactSelector.swift in Sources */,
				D26F7F8D1CBEC63400349872 /* ContactsSearchResultsController.swift in Sources */,
				D28FD8761CA1FE99009213EA /* ChatViewController.swift in Sources */,
				D2B377381CAC06FD0062A321 /* Message+CoreDataProperties.swift in Sources */,
				D29103531CE62121004B31A2 /* CompassViewController.swift in Sources */,
				D29103591CE621A4004B31A2 /* Arrow.swift in Sources */,
				D28FD8741CA1FE99009213EA /* AppDelegate.swift in Sources */,
				D26F7F931CC0228500349872 /* FavoriteCell.swift in Sources */,
				D2B3774A1CB3E5940062A321 /* ChatCreationDelegate.swift in Sources */,
				D26F7F891CBE781F00349872 /* ContactsViewController.swift in Sources */,
			);
			runOnlyForDeploymentPostprocessing = 0;
		};
/* End PBXSourcesBuildPhase section */

/* Begin PBXVariantGroup section */
		D28FD8771CA1FE99009213EA /* Main.storyboard */ = {
			isa = PBXVariantGroup;
			children = (
				D28FD8781CA1FE99009213EA /* Base */,
			);
			name = Main.storyboard;
			sourceTree = "<group>";
		};
		D28FD87C1CA1FE99009213EA /* LaunchScreen.storyboard */ = {
			isa = PBXVariantGroup;
			children = (
				D28FD87D1CA1FE99009213EA /* Base */,
			);
			name = LaunchScreen.storyboard;
			sourceTree = "<group>";
		};
/* End PBXVariantGroup section */

/* Begin XCBuildConfiguration section */
		D28FD8801CA1FE99009213EA /* Debug */ = {
			isa = XCBuildConfiguration;
			buildSettings = {
				ALWAYS_SEARCH_USER_PATHS = NO;
				CLANG_CXX_LANGUAGE_STANDARD = "gnu++0x";
				CLANG_CXX_LIBRARY = "libc++";
				CLANG_ENABLE_MODULES = YES;
				CLANG_ENABLE_OBJC_ARC = YES;
				CLANG_WARN_BOOL_CONVERSION = YES;
				CLANG_WARN_CONSTANT_CONVERSION = YES;
				CLANG_WARN_DIRECT_OBJC_ISA_USAGE = YES_ERROR;
				CLANG_WARN_EMPTY_BODY = YES;
				CLANG_WARN_ENUM_CONVERSION = YES;
				CLANG_WARN_INT_CONVERSION = YES;
				CLANG_WARN_OBJC_ROOT_CLASS = YES_ERROR;
				CLANG_WARN_UNREACHABLE_CODE = YES;
				CLANG_WARN__DUPLICATE_METHOD_MATCH = YES;
				"CODE_SIGN_IDENTITY[sdk=iphoneos*]" = "iPhone Developer";
				COPY_PHASE_STRIP = NO;
				DEBUG_INFORMATION_FORMAT = dwarf;
				ENABLE_STRICT_OBJC_MSGSEND = YES;
				ENABLE_TESTABILITY = YES;
				GCC_C_LANGUAGE_STANDARD = gnu99;
				GCC_DYNAMIC_NO_PIC = NO;
				GCC_NO_COMMON_BLOCKS = YES;
				GCC_OPTIMIZATION_LEVEL = 0;
				GCC_PREPROCESSOR_DEFINITIONS = (
					"DEBUG=1",
					"$(inherited)",
				);
				GCC_WARN_64_TO_32_BIT_CONVERSION = YES;
				GCC_WARN_ABOUT_RETURN_TYPE = YES_ERROR;
				GCC_WARN_UNDECLARED_SELECTOR = YES;
				GCC_WARN_UNINITIALIZED_AUTOS = YES_AGGRESSIVE;
				GCC_WARN_UNUSED_FUNCTION = YES;
				GCC_WARN_UNUSED_VARIABLE = YES;
				IPHONEOS_DEPLOYMENT_TARGET = 9.2;
				MTL_ENABLE_DEBUG_INFO = YES;
				ONLY_ACTIVE_ARCH = YES;
				SDKROOT = iphoneos;
				SWIFT_OPTIMIZATION_LEVEL = "-Onone";
			};
			name = Debug;
		};
		D28FD8811CA1FE99009213EA /* Release */ = {
			isa = XCBuildConfiguration;
			buildSettings = {
				ALWAYS_SEARCH_USER_PATHS = NO;
				CLANG_CXX_LANGUAGE_STANDARD = "gnu++0x";
				CLANG_CXX_LIBRARY = "libc++";
				CLANG_ENABLE_MODULES = YES;
				CLANG_ENABLE_OBJC_ARC = YES;
				CLANG_WARN_BOOL_CONVERSION = YES;
				CLANG_WARN_CONSTANT_CONVERSION = YES;
				CLANG_WARN_DIRECT_OBJC_ISA_USAGE = YES_ERROR;
				CLANG_WARN_EMPTY_BODY = YES;
				CLANG_WARN_ENUM_CONVERSION = YES;
				CLANG_WARN_INT_CONVERSION = YES;
				CLANG_WARN_OBJC_ROOT_CLASS = YES_ERROR;
				CLANG_WARN_UNREACHABLE_CODE = YES;
				CLANG_WARN__DUPLICATE_METHOD_MATCH = YES;
				"CODE_SIGN_IDENTITY[sdk=iphoneos*]" = "iPhone Developer";
				COPY_PHASE_STRIP = NO;
				DEBUG_INFORMATION_FORMAT = "dwarf-with-dsym";
				ENABLE_NS_ASSERTIONS = NO;
				ENABLE_STRICT_OBJC_MSGSEND = YES;
				GCC_C_LANGUAGE_STANDARD = gnu99;
				GCC_NO_COMMON_BLOCKS = YES;
				GCC_WARN_64_TO_32_BIT_CONVERSION = YES;
				GCC_WARN_ABOUT_RETURN_TYPE = YES_ERROR;
				GCC_WARN_UNDECLARED_SELECTOR = YES;
				GCC_WARN_UNINITIALIZED_AUTOS = YES_AGGRESSIVE;
				GCC_WARN_UNUSED_FUNCTION = YES;
				GCC_WARN_UNUSED_VARIABLE = YES;
				IPHONEOS_DEPLOYMENT_TARGET = 9.2;
				MTL_ENABLE_DEBUG_INFO = NO;
				SDKROOT = iphoneos;
				VALIDATE_PRODUCT = YES;
			};
			name = Release;
		};
		D28FD8831CA1FE99009213EA /* Debug */ = {
			isa = XCBuildConfiguration;
			buildSettings = {
				ASSETCATALOG_COMPILER_APPICON_NAME = AppIcon;
				FRAMEWORK_SEARCH_PATHS = (
					"$(inherited)",
					"$(PROJECT_DIR)/WhaleTale",
				);
				INFOPLIST_FILE = WhaleTale/Info.plist;
				LD_RUNPATH_SEARCH_PATHS = "$(inherited) @executable_path/Frameworks";
				OTHER_LDFLAGS = "-ObjC";
				PRODUCT_BUNDLE_IDENTIFIER = com.scottkornblatt.TetherMe;
				PRODUCT_NAME = TetherMe;
				USER_HEADER_SEARCH_PATHS = /Users/scott/Development/WhaleTale/WhaleTale/;
			};
			name = Debug;
		};
		D28FD8841CA1FE99009213EA /* Release */ = {
			isa = XCBuildConfiguration;
			buildSettings = {
				ASSETCATALOG_COMPILER_APPICON_NAME = AppIcon;
				FRAMEWORK_SEARCH_PATHS = (
					"$(inherited)",
					"$(PROJECT_DIR)/WhaleTale",
				);
				INFOPLIST_FILE = WhaleTale/Info.plist;
				LD_RUNPATH_SEARCH_PATHS = "$(inherited) @executable_path/Frameworks";
				OTHER_LDFLAGS = "-ObjC";
				PRODUCT_BUNDLE_IDENTIFIER = com.scottkornblatt.TetherMe;
				PRODUCT_NAME = TetherMe;
				USER_HEADER_SEARCH_PATHS = /Users/scott/Development/WhaleTale/WhaleTale/;
			};
			name = Release;
		};
/* End XCBuildConfiguration section */

/* Begin XCConfigurationList section */
		D28FD86B1CA1FE98009213EA /* Build configuration list for PBXProject "TetherMe" */ = {
			isa = XCConfigurationList;
			buildConfigurations = (
				D28FD8801CA1FE99009213EA /* Debug */,
				D28FD8811CA1FE99009213EA /* Release */,
			);
			defaultConfigurationIsVisible = 0;
			defaultConfigurationName = Release;
		};
		D28FD8821CA1FE99009213EA /* Build configuration list for PBXNativeTarget "TetherMe" */ = {
			isa = XCConfigurationList;
			buildConfigurations = (
				D28FD8831CA1FE99009213EA /* Debug */,
				D28FD8841CA1FE99009213EA /* Release */,
			);
			defaultConfigurationIsVisible = 0;
			defaultConfigurationName = Release;
		};
/* End XCConfigurationList section */

/* Begin XCVersionGroup section */
		D2B377261CAB2AD60062A321 /* Model.xcdatamodeld */ = {
			isa = XCVersionGroup;
			children = (
				D2B377271CAB2AD60062A321 /* Model.xcdatamodel */,
			);
			currentVersion = D2B377271CAB2AD60062A321 /* Model.xcdatamodel */;
			path = Model.xcdatamodeld;
			sourceTree = "<group>";
			versionGroupType = wrapper.xcdatamodel;
		};
/* End XCVersionGroup section */
	};
	rootObject = D28FD8681CA1FE98009213EA /* Project object */;
}
